
Microsoft Visual Studio Solution File, Format Version 12.00
# Visual Studio Version 17
VisualStudioVersion = 17.8.34309.116
MinimumVisualStudioVersion = 10.0.40219.1
Project("{FAE04EC0-301F-11D3-BF4B-00C04F79EFBC}") = "AudioSink", "AudioSink\AudioSink.csproj", "{0FD1B0F8-8C59-4BF1-AA22-EBB6C5F35961}"
EndProject
Project("{FAE04EC0-301F-11D3-BF4B-00C04F79EFBC}") = "AudioSink.Services", "AudioSink.Services\AudioSink.Services.csproj", "{D4DF9D62-C7EB-4D28-8C60-D3972078B118}"
EndProject
Global
	GlobalSection(SolutionConfigurationPlatforms) = preSolution
		Debug|Any CPU = Debug|Any CPU
		Debug|ARM = Debug|ARM
		Debug|ARM64 = Debug|ARM64
		Debug|x64 = Debug|x64
		Debug|x86 = Debug|x86
		Release|Any CPU = Release|Any CPU
		Release|ARM = Release|ARM
		Release|ARM64 = Release|ARM64
		Release|x64 = Release|x64
		Release|x86 = Release|x86
	EndGlobalSection
	GlobalSection(ProjectConfigurationPlatforms) = postSolution
		{0FD1B0F8-8C59-4BF1-AA22-EBB6C5F35961}.Debug|Any CPU.ActiveCfg = Debug|Any CPU
		{0FD1B0F8-8C59-4BF1-AA22-EBB6C5F35961}.Debug|Any CPU.Build.0 = Debug|Any CPU
		{0FD1B0F8-8C59-4BF1-AA22-EBB6C5F35961}.Debug|ARM.ActiveCfg = Debug|Any CPU
		{0FD1B0F8-8C59-4BF1-AA22-EBB6C5F35961}.Debug|ARM.Build.0 = Debug|Any CPU
		{0FD1B0F8-8C59-4BF1-AA22-EBB6C5F35961}.Debug|ARM64.ActiveCfg = Debug|Any CPU
		{0FD1B0F8-8C59-4BF1-AA22-EBB6C5F35961}.Debug|ARM64.Build.0 = Debug|Any CPU
		{0FD1B0F8-8C59-4BF1-AA22-EBB6C5F35961}.Debug|x64.ActiveCfg = Debug|Any CPU
		{0FD1B0F8-8C59-4BF1-AA22-EBB6C5F35961}.Debug|x64.Build.0 = Debug|Any CPU
		{0FD1B0F8-8C59-4BF1-AA22-EBB6C5F35961}.Debug|x86.ActiveCfg = Debug|Any CPU
		{0FD1B0F8-8C59-4BF1-AA22-EBB6C5F35961}.Debug|x86.Build.0 = Debug|Any CPU
		{0FD1B0F8-8C59-4BF1-AA22-EBB6C5F35961}.Release|Any CPU.ActiveCfg = Release|Any CPU
		{0FD1B0F8-8C59-4BF1-AA22-EBB6C5F35961}.Release|Any CPU.Build.0 = Release|Any CPU
		{0FD1B0F8-8C59-4BF1-AA22-EBB6C5F35961}.Release|ARM.ActiveCfg = Release|Any CPU
		{0FD1B0F8-8C59-4BF1-AA22-EBB6C5F35961}.Release|ARM.Build.0 = Release|Any CPU
		{0FD1B0F8-8C59-4BF1-AA22-EBB6C5F35961}.Release|ARM64.ActiveCfg = Release|Any CPU
		{0FD1B0F8-8C59-4BF1-AA22-EBB6C5F35961}.Release|ARM64.Build.0 = Release|Any CPU
		{0FD1B0F8-8C59-4BF1-AA22-EBB6C5F35961}.Release|x64.ActiveCfg = Release|Any CPU
		{0FD1B0F8-8C59-4BF1-AA22-EBB6C5F35961}.Release|x64.Build.0 = Release|Any CPU
		{0FD1B0F8-8C59-4BF1-AA22-EBB6C5F35961}.Release|x86.ActiveCfg = Release|Any CPU
		{0FD1B0F8-8C59-4BF1-AA22-EBB6C5F35961}.Release|x86.Build.0 = Release|Any CPU
		{D4DF9D62-C7EB-4D28-8C60-D3972078B118}.Debug|Any CPU.ActiveCfg = Debug|Any CPU
		{D4DF9D62-C7EB-4D28-8C60-D3972078B118}.Debug|Any CPU.Build.0 = Debug|Any CPU
		{D4DF9D62-C7EB-4D28-8C60-D3972078B118}.Debug|ARM.ActiveCfg = Debug|Any CPU
		{D4DF9D62-C7EB-4D28-8C60-D3972078B118}.Debug|ARM.Build.0 = Debug|Any CPU
		{D4DF9D62-C7EB-4D28-8C60-D3972078B118}.Debug|ARM64.ActiveCfg = Debug|Any CPU
		{D4DF9D62-C7EB-4D28-8C60-D3972078B118}.Debug|ARM64.Build.0 = Debug|Any CPU
		{D4DF9D62-C7EB-4D28-8C60-D3972078B118}.Debug|x64.ActiveCfg = Debug|Any CPU
		{D4DF9D62-C7EB-4D28-8C60-D3972078B118}.Debug|x64.Build.0 = Debug|Any CPU
		{D4DF9D62-C7EB-4D28-8C60-D3972078B118}.Debug|x86.ActiveCfg = Debug|Any CPU
		{D4DF9D62-C7EB-4D28-8C60-D3972078B118}.Debug|x86.Build.0 = Debug|Any CPU
		{D4DF9D62-C7EB-4D28-8C60-D3972078B118}.Release|Any CPU.ActiveCfg = Release|Any CPU
		{D4DF9D62-C7EB-4D28-8C60-D3972078B118}.Release|Any CPU.Build.0 = Release|Any CPU
		{D4DF9D62-C7EB-4D28-8C60-D3972078B118}.Release|ARM.ActiveCfg = Release|Any CPU
		{D4DF9D62-C7EB-4D28-8C60-D3972078B118}.Release|ARM.Build.0 = Release|Any CPU
		{D4DF9D62-C7EB-4D28-8C60-D3972078B118}.Release|ARM64.ActiveCfg = Release|Any CPU
		{D4DF9D62-C7EB-4D28-8C60-D3972078B118}.Release|ARM64.Build.0 = Release|Any CPU
		{D4DF9D62-C7EB-4D28-8C60-D3972078B118}.Release|x64.ActiveCfg = Release|Any CPU
		{D4DF9D62-C7EB-4D28-8C60-D3972078B118}.Release|x64.Build.0 = Release|Any CPU
		{D4DF9D62-C7EB-4D28-8C60-D3972078B118}.Release|x86.ActiveCfg = Release|Any CPU
		{D4DF9D62-C7EB-4D28-8C60-D3972078B118}.Release|x86.Build.0 = Release|Any CPU
	EndGlobalSection
	GlobalSection(SolutionProperties) = preSolution
		HideSolutionNode = FALSE
	EndGlobalSection
	GlobalSection(ExtensibilityGlobals) = postSolution
		SolutionGuid = {E0A840C9-FFAC-45EE-A015-5EF903084A09}
	EndGlobalSection
EndGlobal
